
Microsoft Visual Studio Solution File, Format Version 12.00
# Visual Studio Version 17
VisualStudioVersion = 17.11.35303.130
MinimumVisualStudioVersion = 10.0.40219.1
Project("{9A19103F-16F7-4668-BE54-9A1E7A4F7556}") = "MyApi.Tests", "MyApi.Tests.csproj", "{F6D9F80A-BBA1-47F0-93B0-AC89CCBDF126}"
EndProject
Project("{9A19103F-16F7-4668-BE54-9A1E7A4F7556}") = "StudentCourseAPI", "..\StudentCourseAPI\StudentCourseAPI.csproj", "{74CD93DF-B185-4C7E-8B3A-088463917AEA}"
EndProject
Global
	GlobalSection(SolutionConfigurationPlatforms) = preSolution
		Debug|Any CPU = Debug|Any CPU
		Release|Any CPU = Release|Any CPU
	EndGlobalSection
	GlobalSection(ProjectConfigurationPlatforms) = postSolution
		{F6D9F80A-BBA1-47F0-93B0-AC89CCBDF126}.Debug|Any CPU.ActiveCfg = Debug|Any CPU
		{F6D9F80A-BBA1-47F0-93B0-AC89CCBDF126}.Debug|Any CPU.Build.0 = Debug|Any CPU
		{F6D9F80A-BBA1-47F0-93B0-AC89CCBDF126}.Release|Any CPU.ActiveCfg = Release|Any CPU
		{F6D9F80A-BBA1-47F0-93B0-AC89CCBDF126}.Release|Any CPU.Build.0 = Release|Any CPU
		{74CD93DF-B185-4C7E-8B3A-088463917AEA}.Debug|Any CPU.ActiveCfg = Debug|Any CPU
		{74CD93DF-B185-4C7E-8B3A-088463917AEA}.Debug|Any CPU.Build.0 = Debug|Any CPU
		{74CD93DF-B185-4C7E-8B3A-088463917AEA}.Release|Any CPU.ActiveCfg = Release|Any CPU
		{74CD93DF-B185-4C7E-8B3A-088463917AEA}.Release|Any CPU.Build.0 = Release|Any CPU
	EndGlobalSection
	GlobalSection(SolutionProperties) = preSolution
		HideSolutionNode = FALSE
	EndGlobalSection
	GlobalSection(ExtensibilityGlobals) = postSolution
		SolutionGuid = {D71B7371-58C8-4660-93D3-A58E22FBA169}
	EndGlobalSection
EndGlobal
